
Microsoft Visual Studio Solution File, Format Version 12.00
# Visual Studio 2012
Project("{FAE04EC0-301F-11D3-BF4B-00C04F79EFBC}") = "IRCleanProtocol", "IRCleanProtocol\IRCleanProtocol.csproj", "{6E50BF59-1D58-4217-98E4-F9B148DC2A88}"
EndProject
Project("{FAE04EC0-301F-11D3-BF4B-00C04F79EFBC}") = "IRClean", "IRClean\IRClean.csproj", "{08A83152-6BB2-49FB-89A7-62392B8E6CEE}"
EndProject
Global
	GlobalSection(SolutionConfigurationPlatforms) = preSolution
		Debug|Any CPU = Debug|Any CPU
		Release|Any CPU = Release|Any CPU
	EndGlobalSection
	GlobalSection(ProjectConfigurationPlatforms) = postSolution
		{6E50BF59-1D58-4217-98E4-F9B148DC2A88}.Debug|Any CPU.ActiveCfg = Debug|Any CPU
		{6E50BF59-1D58-4217-98E4-F9B148DC2A88}.Debug|Any CPU.Build.0 = Debug|Any CPU
		{6E50BF59-1D58-4217-98E4-F9B148DC2A88}.Release|Any CPU.ActiveCfg = Release|Any CPU
		{6E50BF59-1D58-4217-98E4-F9B148DC2A88}.Release|Any CPU.Build.0 = Release|Any CPU
		{08A83152-6BB2-49FB-89A7-62392B8E6CEE}.Debug|Any CPU.ActiveCfg = Debug|Any CPU
		{08A83152-6BB2-49FB-89A7-62392B8E6CEE}.Debug|Any CPU.Build.0 = Debug|Any CPU
		{08A83152-6BB2-49FB-89A7-62392B8E6CEE}.Release|Any CPU.ActiveCfg = Release|Any CPU
		{08A83152-6BB2-49FB-89A7-62392B8E6CEE}.Release|Any CPU.Build.0 = Release|Any CPU
	EndGlobalSection
	GlobalSection(SolutionProperties) = preSolution
		HideSolutionNode = FALSE
	EndGlobalSection
EndGlobal
